// !$*UTF8*$!
{
	archiveVersion = 1;
	classes = {
	};
	objectVersion = 46;
	objects = {

/* Begin PBXBuildFile section */
		645C128E19A13A4C00CF23B3 /* OverAir.h in Headers */ = {isa = PBXBuildFile; fileRef = 645C128D19A13A4C00CF23B3 /* OverAir.h */; settings = {ATTRIBUTES = (Public, ); }; };
		645C129419A13A4C00CF23B3 /* OverAir.framework in Frameworks */ = {isa = PBXBuildFile; fileRef = 645C128819A13A4C00CF23B3 /* OverAir.framework */; };
		645C129B19A13A4C00CF23B3 /* OverAirTests.m in Sources */ = {isa = PBXBuildFile; fileRef = 645C129A19A13A4C00CF23B3 /* OverAirTests.m */; };
		645C12AA19A13B3900CF23B3 /* Constants.h in Headers */ = {isa = PBXBuildFile; fileRef = 645C12A819A13B3900CF23B3 /* Constants.h */; settings = {ATTRIBUTES = (Public, ); }; };
		645C12AB19A13B3900CF23B3 /* Constants.m in Sources */ = {isa = PBXBuildFile; fileRef = 645C12A919A13B3900CF23B3 /* Constants.m */; };
		645C12AE19A13CA000CF23B3 /* TCPServer.h in Headers */ = {isa = PBXBuildFile; fileRef = 645C12AC19A13CA000CF23B3 /* TCPServer.h */; settings = {ATTRIBUTES = (Public, ); }; };
		645C12AF19A13CA000CF23B3 /* TCPServer.m in Sources */ = {isa = PBXBuildFile; fileRef = 645C12AD19A13CA000CF23B3 /* TCPServer.m */; };
		645C12B219A13F2200CF23B3 /* AirPlayServer.h in Headers */ = {isa = PBXBuildFile; fileRef = 645C12B019A13F2200CF23B3 /* AirPlayServer.h */; settings = {ATTRIBUTES = (Public, ); }; };
		645C12B319A13F2200CF23B3 /* AirPlayServer.m in Sources */ = {isa = PBXBuildFile; fileRef = 645C12B119A13F2200CF23B3 /* AirPlayServer.m */; };
		645C12B619A140C500CF23B3 /* Util.h in Headers */ = {isa = PBXBuildFile; fileRef = 645C12B419A140C500CF23B3 /* Util.h */; settings = {ATTRIBUTES = (Public, ); }; };
		645C12B719A140C500CF23B3 /* Util.m in Sources */ = {isa = PBXBuildFile; fileRef = 645C12B519A140C500CF23B3 /* Util.m */; };
/* End PBXBuildFile section */

/* Begin PBXContainerItemProxy section */
		645C129519A13A4C00CF23B3 /* PBXContainerItemProxy */ = {
			isa = PBXContainerItemProxy;
			containerPortal = 645C127F19A13A4C00CF23B3 /* Project object */;
			proxyType = 1;
			remoteGlobalIDString = 645C128719A13A4C00CF23B3;
			remoteInfo = OverAir;
		};
/* End PBXContainerItemProxy section */

/* Begin PBXFileReference section */
		645C128819A13A4C00CF23B3 /* OverAir.framework */ = {isa = PBXFileReference; explicitFileType = wrapper.framework; includeInIndex = 0; path = OverAir.framework; sourceTree = BUILT_PRODUCTS_DIR; };
		645C128C19A13A4C00CF23B3 /* Info.plist */ = {isa = PBXFileReference; lastKnownFileType = text.plist.xml; path = Info.plist; sourceTree = "<group>"; };
		645C128D19A13A4C00CF23B3 /* OverAir.h */ = {isa = PBXFileReference; lastKnownFileType = sourcecode.c.h; path = OverAir.h; sourceTree = "<group>"; };
		645C129319A13A4C00CF23B3 /* OverAirTests.xctest */ = {isa = PBXFileReference; explicitFileType = wrapper.cfbundle; includeInIndex = 0; path = OverAirTests.xctest; sourceTree = BUILT_PRODUCTS_DIR; };
		645C129919A13A4C00CF23B3 /* Info.plist */ = {isa = PBXFileReference; lastKnownFileType = text.plist.xml; path = Info.plist; sourceTree = "<group>"; };
		645C129A19A13A4C00CF23B3 /* OverAirTests.m */ = {isa = PBXFileReference; lastKnownFileType = sourcecode.c.objc; path = OverAirTests.m; sourceTree = "<group>"; };
		645C12A819A13B3900CF23B3 /* Constants.h */ = {isa = PBXFileReference; fileEncoding = 4; lastKnownFileType = sourcecode.c.h; path = Constants.h; sourceTree = "<group>"; };
		645C12A919A13B3900CF23B3 /* Constants.m */ = {isa = PBXFileReference; fileEncoding = 4; lastKnownFileType = sourcecode.c.objc; path = Constants.m; sourceTree = "<group>"; };
		645C12AC19A13CA000CF23B3 /* TCPServer.h */ = {isa = PBXFileReference; fileEncoding = 4; lastKnownFileType = sourcecode.c.h; path = TCPServer.h; sourceTree = "<group>"; };
		645C12AD19A13CA000CF23B3 /* TCPServer.m */ = {isa = PBXFileReference; fileEncoding = 4; lastKnownFileType = sourcecode.c.objc; path = TCPServer.m; sourceTree = "<group>"; };
		645C12B019A13F2200CF23B3 /* AirPlayServer.h */ = {isa = PBXFileReference; fileEncoding = 4; lastKnownFileType = sourcecode.c.h; path = AirPlayServer.h; sourceTree = "<group>"; };
		645C12B119A13F2200CF23B3 /* AirPlayServer.m */ = {isa = PBXFileReference; fileEncoding = 4; lastKnownFileType = sourcecode.c.objc; path = AirPlayServer.m; sourceTree = "<group>"; };
		645C12B419A140C500CF23B3 /* Util.h */ = {isa = PBXFileReference; fileEncoding = 4; lastKnownFileType = sourcecode.c.h; path = Util.h; sourceTree = "<group>"; };
		645C12B519A140C500CF23B3 /* Util.m */ = {isa = PBXFileReference; fileEncoding = 4; lastKnownFileType = sourcecode.c.objc; path = Util.m; sourceTree = "<group>"; };
/* End PBXFileReference section */

/* Begin PBXFrameworksBuildPhase section */
		645C128419A13A4C00CF23B3 /* Frameworks */ = {
			isa = PBXFrameworksBuildPhase;
			buildActionMask = 2147483647;
			files = (
			);
			runOnlyForDeploymentPostprocessing = 0;
		};
		645C129019A13A4C00CF23B3 /* Frameworks */ = {
			isa = PBXFrameworksBuildPhase;
			buildActionMask = 2147483647;
			files = (
				645C129419A13A4C00CF23B3 /* OverAir.framework in Frameworks */,
			);
			runOnlyForDeploymentPostprocessing = 0;
		};
/* End PBXFrameworksBuildPhase section */

/* Begin PBXGroup section */
		645C127E19A13A4C00CF23B3 = {
			isa = PBXGroup;
			children = (
				645C128A19A13A4C00CF23B3 /* OverAir */,
				645C129719A13A4C00CF23B3 /* OverAirTests */,
				645C128919A13A4C00CF23B3 /* Products */,
			);
			sourceTree = "<group>";
		};
		645C128919A13A4C00CF23B3 /* Products */ = {
			isa = PBXGroup;
			children = (
				645C128819A13A4C00CF23B3 /* OverAir.framework */,
				645C129319A13A4C00CF23B3 /* OverAirTests.xctest */,
			);
			name = Products;
			sourceTree = "<group>";
		};
		645C128A19A13A4C00CF23B3 /* OverAir */ = {
			isa = PBXGroup;
			children = (
				645C128D19A13A4C00CF23B3 /* OverAir.h */,
				645C128B19A13A4C00CF23B3 /* Supporting Files */,
				645C12A819A13B3900CF23B3 /* Constants.h */,
				645C12A919A13B3900CF23B3 /* Constants.m */,
				645C12AC19A13CA000CF23B3 /* TCPServer.h */,
				645C12AD19A13CA000CF23B3 /* TCPServer.m */,
				645C12B019A13F2200CF23B3 /* AirPlayServer.h */,
				645C12B119A13F2200CF23B3 /* AirPlayServer.m */,
				645C12B419A140C500CF23B3 /* Util.h */,
				645C12B519A140C500CF23B3 /* Util.m */,
			);
			path = OverAir;
			sourceTree = "<group>";
		};
		645C128B19A13A4C00CF23B3 /* Supporting Files */ = {
			isa = PBXGroup;
			children = (
				645C128C19A13A4C00CF23B3 /* Info.plist */,
			);
			name = "Supporting Files";
			sourceTree = "<group>";
		};
		645C129719A13A4C00CF23B3 /* OverAirTests */ = {
			isa = PBXGroup;
			children = (
				645C129A19A13A4C00CF23B3 /* OverAirTests.m */,
				645C129819A13A4C00CF23B3 /* Supporting Files */,
			);
			path = OverAirTests;
			sourceTree = "<group>";
		};
		645C129819A13A4C00CF23B3 /* Supporting Files */ = {
			isa = PBXGroup;
			children = (
				645C129919A13A4C00CF23B3 /* Info.plist */,
			);
			name = "Supporting Files";
			sourceTree = "<group>";
		};
/* End PBXGroup section */

/* Begin PBXHeadersBuildPhase section */
		645C128519A13A4C00CF23B3 /* Headers */ = {
			isa = PBXHeadersBuildPhase;
			buildActionMask = 2147483647;
			files = (
				645C12B619A140C500CF23B3 /* Util.h in Headers */,
				645C12B219A13F2200CF23B3 /* AirPlayServer.h in Headers */,
				645C12AA19A13B3900CF23B3 /* Constants.h in Headers */,
				645C12AE19A13CA000CF23B3 /* TCPServer.h in Headers */,
				645C128E19A13A4C00CF23B3 /* OverAir.h in Headers */,
			);
			runOnlyForDeploymentPostprocessing = 0;
		};
/* End PBXHeadersBuildPhase section */

/* Begin PBXNativeTarget section */
		645C128719A13A4C00CF23B3 /* OverAir */ = {
			isa = PBXNativeTarget;
			buildConfigurationList = 645C129E19A13A4C00CF23B3 /* Build configuration list for PBXNativeTarget "OverAir" */;
			buildPhases = (
				645C128319A13A4C00CF23B3 /* Sources */,
				645C128419A13A4C00CF23B3 /* Frameworks */,
				645C128519A13A4C00CF23B3 /* Headers */,
				645C128619A13A4C00CF23B3 /* Resources */,
			);
			buildRules = (
			);
			dependencies = (
			);
			name = OverAir;
			productName = OverAir;
			productReference = 645C128819A13A4C00CF23B3 /* OverAir.framework */;
			productType = "com.apple.product-type.framework";
		};
		645C129219A13A4C00CF23B3 /* OverAirTests */ = {
			isa = PBXNativeTarget;
			buildConfigurationList = 645C12A119A13A4C00CF23B3 /* Build configuration list for PBXNativeTarget "OverAirTests" */;
			buildPhases = (
				645C128F19A13A4C00CF23B3 /* Sources */,
				645C129019A13A4C00CF23B3 /* Frameworks */,
				645C129119A13A4C00CF23B3 /* Resources */,
			);
			buildRules = (
			);
			dependencies = (
				645C129619A13A4C00CF23B3 /* PBXTargetDependency */,
			);
			name = OverAirTests;
			productName = OverAirTests;
			productReference = 645C129319A13A4C00CF23B3 /* OverAirTests.xctest */;
			productType = "com.apple.product-type.bundle.unit-test";
		};
/* End PBXNativeTarget section */

/* Begin PBXProject section */
		645C127F19A13A4C00CF23B3 /* Project object */ = {
			isa = PBXProject;
			attributes = {
				LastUpgradeCheck = 0600;
				TargetAttributes = {
					645C128719A13A4C00CF23B3 = {
						CreatedOnToolsVersion = 6.0;
					};
					645C129219A13A4C00CF23B3 = {
						CreatedOnToolsVersion = 6.0;
						TestTargetID = 645C128719A13A4C00CF23B3;
					};
				};
			};
			buildConfigurationList = 645C128219A13A4C00CF23B3 /* Build configuration list for PBXProject "OverAir" */;
			compatibilityVersion = "Xcode 3.2";
			developmentRegion = English;
			hasScannedForEncodings = 0;
			knownRegions = (
				en,
			);
			mainGroup = 645C127E19A13A4C00CF23B3;
			productRefGroup = 645C128919A13A4C00CF23B3 /* Products */;
			projectDirPath = "";
			projectRoot = "";
			targets = (
				645C128719A13A4C00CF23B3 /* OverAir */,
				645C129219A13A4C00CF23B3 /* OverAirTests */,
			);
		};
/* End PBXProject section */

/* Begin PBXResourcesBuildPhase section */
		645C128619A13A4C00CF23B3 /* Resources */ = {
			isa = PBXResourcesBuildPhase;
			buildActionMask = 2147483647;
			files = (
			);
			runOnlyForDeploymentPostprocessing = 0;
		};
		645C129119A13A4C00CF23B3 /* Resources */ = {
			isa = PBXResourcesBuildPhase;
			buildActionMask = 2147483647;
			files = (
			);
			runOnlyForDeploymentPostprocessing = 0;
		};
/* End PBXResourcesBuildPhase section */

/* Begin PBXSourcesBuildPhase section */
		645C128319A13A4C00CF23B3 /* Sources */ = {
			isa = PBXSourcesBuildPhase;
			buildActionMask = 2147483647;
			files = (
				645C12B319A13F2200CF23B3 /* AirPlayServer.m in Sources */,
				645C12AF19A13CA000CF23B3 /* TCPServer.m in Sources */,
				645C12AB19A13B3900CF23B3 /* Constants.m in Sources */,
				645C12B719A140C500CF23B3 /* Util.m in Sources */,
			);
			runOnlyForDeploymentPostprocessing = 0;
		};
		645C128F19A13A4C00CF23B3 /* Sources */ = {
			isa = PBXSourcesBuildPhase;
			buildActionMask = 2147483647;
			files = (
				645C129B19A13A4C00CF23B3 /* OverAirTests.m in Sources */,
			);
			runOnlyForDeploymentPostprocessing = 0;
		};
/* End PBXSourcesBuildPhase section */

/* Begin PBXTargetDependency section */
		645C129619A13A4C00CF23B3 /* PBXTargetDependency */ = {
			isa = PBXTargetDependency;
			target = 645C128719A13A4C00CF23B3 /* OverAir */;
			targetProxy = 645C129519A13A4C00CF23B3 /* PBXContainerItemProxy */;
		};
/* End PBXTargetDependency section */

/* Begin XCBuildConfiguration section */
		645C129C19A13A4C00CF23B3 /* Debug */ = {
			isa = XCBuildConfiguration;
			buildSettings = {
				ALWAYS_SEARCH_USER_PATHS = NO;
				CLANG_CXX_LANGUAGE_STANDARD = "gnu++0x";
				CLANG_CXX_LIBRARY = "libc++";
				CLANG_ENABLE_MODULES = YES;
				CLANG_ENABLE_OBJC_ARC = YES;
				CLANG_WARN_BOOL_CONVERSION = YES;
				CLANG_WARN_CONSTANT_CONVERSION = YES;
				CLANG_WARN_DIRECT_OBJC_ISA_USAGE = YES_ERROR;
				CLANG_WARN_EMPTY_BODY = YES;
				CLANG_WARN_ENUM_CONVERSION = YES;
				CLANG_WARN_INT_CONVERSION = YES;
				CLANG_WARN_OBJC_ROOT_CLASS = YES_ERROR;
				CLANG_WARN_UNREACHABLE_CODE = YES;
				CLANG_WARN__DUPLICATE_METHOD_MATCH = YES;
				COPY_PHASE_STRIP = NO;
				CURRENT_PROJECT_VERSION = 1;
				ENABLE_STRICT_OBJC_MSGSEND = YES;
				GCC_C_LANGUAGE_STANDARD = gnu99;
				GCC_DYNAMIC_NO_PIC = NO;
				GCC_OPTIMIZATION_LEVEL = 0;
				GCC_PREPROCESSOR_DEFINITIONS = (
					"DEBUG=1",
					"$(inherited)",
				);
				GCC_SYMBOLS_PRIVATE_EXTERN = NO;
				GCC_WARN_64_TO_32_BIT_CONVERSION = YES;
				GCC_WARN_ABOUT_RETURN_TYPE = YES_ERROR;
				GCC_WARN_UNDECLARED_SELECTOR = YES;
				GCC_WARN_UNINITIALIZED_AUTOS = YES_AGGRESSIVE;
				GCC_WARN_UNUSED_FUNCTION = YES;
				GCC_WARN_UNUSED_VARIABLE = YES;
				MACOSX_DEPLOYMENT_TARGET = 10.9;
				MTL_ENABLE_DEBUG_INFO = YES;
				ONLY_ACTIVE_ARCH = YES;
				SDKROOT = macosx;
				VERSIONING_SYSTEM = "apple-generic";
				VERSION_INFO_PREFIX = "";
			};
			name = Debug;
		};
		645C129D19A13A4C00CF23B3 /* Release */ = {
			isa = XCBuildConfiguration;
			buildSettings = {
				ALWAYS_SEARCH_USER_PATHS = NO;
				CLANG_CXX_LANGUAGE_STANDARD = "gnu++0x";
				CLANG_CXX_LIBRARY = "libc++";
				CLANG_ENABLE_MODULES = YES;
				CLANG_ENABLE_OBJC_ARC = YES;
				CLANG_WARN_BOOL_CONVERSION = YES;
				CLANG_WARN_CONSTANT_CONVERSION = YES;
				CLANG_WARN_DIRECT_OBJC_ISA_USAGE = YES_ERROR;
				CLANG_WARN_EMPTY_BODY = YES;
				CLANG_WARN_ENUM_CONVERSION = YES;
				CLANG_WARN_INT_CONVERSION = YES;
				CLANG_WARN_OBJC_ROOT_CLASS = YES_ERROR;
				CLANG_WARN_UNREACHABLE_CODE = YES;
				CLANG_WARN__DUPLICATE_METHOD_MATCH = YES;
				COPY_PHASE_STRIP = YES;
				CURRENT_PROJECT_VERSION = 1;
				DEBUG_INFORMATION_FORMAT = "dwarf-with-dsym";
				ENABLE_NS_ASSERTIONS = NO;
				ENABLE_STRICT_OBJC_MSGSEND = YES;
				GCC_C_LANGUAGE_STANDARD = gnu99;
				GCC_WARN_64_TO_32_BIT_CONVERSION = YES;
				GCC_WARN_ABOUT_RETURN_TYPE = YES_ERROR;
				GCC_WARN_UNDECLARED_SELECTOR = YES;
				GCC_WARN_UNINITIALIZED_AUTOS = YES_AGGRESSIVE;
				GCC_WARN_UNUSED_FUNCTION = YES;
				GCC_WARN_UNUSED_VARIABLE = YES;
				MACOSX_DEPLOYMENT_TARGET = 10.9;
				MTL_ENABLE_DEBUG_INFO = NO;
				SDKROOT = macosx;
				VERSIONING_SYSTEM = "apple-generic";
				VERSION_INFO_PREFIX = "";
			};
			name = Release;
		};
		645C129F19A13A4C00CF23B3 /* Debug */ = {
			isa = XCBuildConfiguration;
			buildSettings = {
				COMBINE_HIDPI_IMAGES = YES;
				DEFINES_MODULE = YES;
				DYLIB_COMPATIBILITY_VERSION = 1;
				DYLIB_CURRENT_VERSION = 1;
				DYLIB_INSTALL_NAME_BASE = "@rpath";
				FRAMEWORK_VERSION = A;
				INFOPLIST_FILE = OverAir/Info.plist;
				INSTALL_PATH = "@executable_path/../Frameworks";
				LD_RUNPATH_SEARCH_PATHS = "$(inherited) @executable_path/../Frameworks @loader_path/Frameworks";
				PRODUCT_NAME = "$(TARGET_NAME)";
				SKIP_INSTALL = YES;
			};
			name = Debug;
		};
		645C12A019A13A4C00CF23B3 /* Release */ = {
			isa = XCBuildConfiguration;
			buildSettings = {
				COMBINE_HIDPI_IMAGES = YES;
				DEFINES_MODULE = YES;
				DYLIB_COMPATIBILITY_VERSION = 1;
				DYLIB_CURRENT_VERSION = 1;
				DYLIB_INSTALL_NAME_BASE = "@rpath";
				FRAMEWORK_VERSION = A;
				INFOPLIST_FILE = OverAir/Info.plist;
				INSTALL_PATH = "@executable_path/../Frameworks";
				LD_RUNPATH_SEARCH_PATHS = "$(inherited) @executable_path/../Frameworks @loader_path/Frameworks";
				PRODUCT_NAME = "$(TARGET_NAME)";
				SKIP_INSTALL = YES;
			};
			name = Release;
		};
		645C12A219A13A4C00CF23B3 /* Debug */ = {
			isa = XCBuildConfiguration;
			buildSettings = {
				COMBINE_HIDPI_IMAGES = YES;
				FRAMEWORK_SEARCH_PATHS = (
					"$(DEVELOPER_FRAMEWORKS_DIR)",
					"$(inherited)",
				);
				GCC_PREPROCESSOR_DEFINITIONS = (
					"DEBUG=1",
					"$(inherited)",
				);
				INFOPLIST_FILE = OverAirTests/Info.plist;
				LD_RUNPATH_SEARCH_PATHS = "$(inherited) @executable_path/../Frameworks @loader_path/../Frameworks";
				PRODUCT_NAME = "$(TARGET_NAME)";
			};
			name = Debug;
		};
		645C12A319A13A4C00CF23B3 /* Release */ = {
			isa = XCBuildConfiguration;
			buildSettings = {
				COMBINE_HIDPI_IMAGES = YES;
				FRAMEWORK_SEARCH_PATHS = (
					"$(DEVELOPER_FRAMEWORKS_DIR)",
					"$(inherited)",
				);
				INFOPLIST_FILE = OverAirTests/Info.plist;
				LD_RUNPATH_SEARCH_PATHS = "$(inherited) @executable_path/../Frameworks @loader_path/../Frameworks";
				PRODUCT_NAME = "$(TARGET_NAME)";
			};
			name = Release;
		};
/* End XCBuildConfiguration section */

/* Begin XCConfigurationList section */
		645C128219A13A4C00CF23B3 /* Build configuration list for PBXProject "OverAir" */ = {
			isa = XCConfigurationList;
			buildConfigurations = (
				645C129C19A13A4C00CF23B3 /* Debug */,
				645C129D19A13A4C00CF23B3 /* Release */,
			);
			defaultConfigurationIsVisible = 0;
			defaultConfigurationName = Release;
		};
		645C129E19A13A4C00CF23B3 /* Build configuration list for PBXNativeTarget "OverAir" */ = {
			isa = XCConfigurationList;
			buildConfigurations = (
				645C129F19A13A4C00CF23B3 /* Debug */,
				645C12A019A13A4C00CF23B3 /* Release */,
			);
			defaultConfigurationIsVisible = 0;
			defaultConfigurationName = Release;
		};
		645C12A119A13A4C00CF23B3 /* Build configuration list for PBXNativeTarget "OverAirTests" */ = {
			isa = XCConfigurationList;
			buildConfigurations = (
				645C12A219A13A4C00CF23B3 /* Debug */,
				645C12A319A13A4C00CF23B3 /* Release */,
			);
			defaultConfigurationIsVisible = 0;
			defaultConfigurationName = Release;
		};
/* End XCConfigurationList section */
	};
	rootObject = 645C127F19A13A4C00CF23B3 /* Project object */;
}
